<?xml version="1.0" encoding="utf-8"?>
<Project ToolsVersion="4.0" xmlns="http://schemas.microsoft.com/developer/msbuild/2003">
  <ItemGroup>
    <Filter Include="Source Files">
      <UniqueIdentifier>{4FC737F1-C7A5-4376-A066-2A32D752A2FF}</UniqueIdentifier>
      <Extensions>cpp;c;cc;cxx;def;odl;idl;hpj;bat;asm;asmx</Extensions>
    </Filter>
    <Filter Include="Header Files">
      <UniqueIdentifier>{93995380-89BD-4b04-88EB-625FBE52EBFB}</UniqueIdentifier>
      <Extensions>h;hh;hpp;hxx;hm;inl;inc;xsd</Extensions>
    </Filter>
    <Filter Include="Resource Files">
      <UniqueIdentifier>{67DA6AB6-F800-4c08-8B7A-83BB121AAD01}</UniqueIdentifier>
      <Extensions>rc;ico;cur;bmp;dlg;rc2;rct;bin;rgs;gif;jpg;jpeg;jpe;resx;tiff;tif;png;wav</Extensions>
    </Filter>
  </ItemGroup>
  <ItemGroup>
    <ClCompile Include="Step12\aBaseEvent.cpp">
      <Filter>Source Files</Filter>
    </ClCompile>
    <ClCompile Include="Step12\ApplicationEvent.cpp">
      <Filter>Source Files</Filter>
    </ClCompile>
    <ClCompile Include="Step12\cPropMen.cpp">
      <Filter>Source Files</Filter>
    </ClCompile>
    <ClCompile Include="Step12\DocumentEvent.cpp">
      <Filter>Source Files</Filter>
    </ClCompile>
    <ClCompile Include="Step12\Main.cpp">
      <Filter>Source Files</Filter>
    </ClCompile>
    <ClCompile Include="Step12\Menu.cpp">
      <Filter>Source Files</Filter>
    </ClCompile>
    <ClCompile Include="Step12\Obj2DEvent.cpp">
      <Filter>Source Files</Filter>
    </ClCompile>
    <ClCompile Include="Step12\Obj3DEvent.cpp">
      <Filter>Source Files</Filter>
    </ClCompile>
    <ClCompile Include="Step12\SMP.cpp">
      <Filter>Source Files</Filter>
    </ClCompile>
    <ClCompile Include="Step12\SpcDocEvent.cpp">
      <Filter>Source Files</Filter>
    </ClCompile>
    <ClCompile Include="Step12\SpcObjEvent.cpp">
      <Filter>Source Files</Filter>
    </ClCompile>
    <ClCompile Include="Step12\SpecificationEvent.cpp">
      <Filter>Source Files</Filter>
    </ClCompile>
    <ClCompile Include="Step12\StampEvent.cpp">
      <Filter>Source Files</Filter>
    </ClCompile>
    <ClCompile Include="Step12\StdAfx.cpp">
      <Filter>Source Files</Filter>
    </ClCompile>
  </ItemGroup>
  <ItemGroup>
    <None Include="Step12\SMP.def">
      <Filter>Source Files</Filter>
    </None>
    <None Include="Step12\res\SMP.rc2">
      <Filter>Resource Files</Filter>
    </None>
  </ItemGroup>
  <ItemGroup>
    <ClInclude Include="Step12\aBaseEvent.h">
      <Filter>Header Files</Filter>
    </ClInclude>
    <ClInclude Include="Step12\ApplicationEvent.h">
      <Filter>Header Files</Filter>
    </ClInclude>
    <ClInclude Include="Step12\cPropMen.h">
      <Filter>Header Files</Filter>
    </ClInclude>
    <ClInclude Include="Step12\DocumentEvent.h">
      <Filter>Header Files</Filter>
    </ClInclude>
    <ClInclude Include="Step12\Menu.h">
      <Filter>Header Files</Filter>
    </ClInclude>
    <ClInclude Include="Step12\Obj2DEvent.h">
      <Filter>Header Files</Filter>
    </ClInclude>
    <ClInclude Include="Step12\Obj3DEvent.h">
      <Filter>Header Files</Filter>
    </ClInclude>
    <ClInclude Include="Step12\resource.h">
      <Filter>Header Files</Filter>
    </ClInclude>
    <ClInclude Include="Step12\SMP.h">
      <Filter>Header Files</Filter>
    </ClInclude>
    <ClInclude Include="Step12\SpcDocEvent.h">
      <Filter>Header Files</Filter>
    </ClInclude>
    <ClInclude Include="Step12\SpcObjEvent.h">
      <Filter>Header Files</Filter>
    </ClInclude>
    <ClInclude Include="Step12\SpecificationEvent.h">
      <Filter>Header Files</Filter>
    </ClInclude>
    <ClInclude Include="Step12\StampEvent.h">
      <Filter>Header Files</Filter>
    </ClInclude>
    <ClInclude Include="Step12\StdAfx.h">
      <Filter>Header Files</Filter>
    </ClInclude>
  </ItemGroup>
  <ItemGroup>
    <ResourceCompile Include="Step12\SMP.rc">
      <Filter>Resource Files</Filter>
    </ResourceCompile>
  </ItemGroup>
</Project>