<?xml version="1.0" encoding="utf-8"?>
<Project ToolsVersion="4.0" xmlns="http://schemas.microsoft.com/developer/msbuild/2003">
  <ItemGroup>
    <Filter Include="Source Files">
      <UniqueIdentifier>{284158a4-f83d-4969-8129-6649e90bd9a5}</UniqueIdentifier>
      <Extensions>cpp;c;cxx;rc;def;r;odl;idl;hpj;bat</Extensions>
    </Filter>
    <Filter Include="Header Files">
      <UniqueIdentifier>{0f3ec315-0a05-4dd6-8c0b-3b0fb6697acb}</UniqueIdentifier>
      <Extensions>h;hpp;hxx;hm;inl</Extensions>
    </Filter>
    <Filter Include="Resource Files">
      <UniqueIdentifier>{07d46f38-b719-4f9f-bad3-983c7db9ed09}</UniqueIdentifier>
      <Extensions>ico;cur;bmp;dlg;rc2;rct;bin;rgs;gif;jpg;jpeg;jpe</Extensions>
    </Filter>
    <Filter Include="Header Files\Events">
      <UniqueIdentifier>{6d0f470c-df48-4413-8614-c372353b7efe}</UniqueIdentifier>
    </Filter>
    <Filter Include="Source Files\Events">
      <UniqueIdentifier>{8c4428dd-160a-4b11-8702-4902f71a413a}</UniqueIdentifier>
    </Filter>
    <Filter Include="Source Files\Menu">
      <UniqueIdentifier>{ada4f6bb-f7f1-4659-a710-84910d375ade}</UniqueIdentifier>
    </Filter>
    <Filter Include="Source Files\SMP">
      <UniqueIdentifier>{58257dd1-5bbf-460f-9804-2e4888b0fd37}</UniqueIdentifier>
    </Filter>
    <Filter Include="Header Files\Menu">
      <UniqueIdentifier>{7117f260-2260-4148-91ad-1af6072d7343}</UniqueIdentifier>
    </Filter>
    <Filter Include="Header Files\SMP">
      <UniqueIdentifier>{db5e59b3-5664-4631-b38f-8fd742f8a87c}</UniqueIdentifier>
    </Filter>
  </ItemGroup>
  <ItemGroup>
    <ClCompile Include="cPropMen.cpp">
      <Filter>Source Files</Filter>
    </ClCompile>
    <ClCompile Include="StdAfx.cpp">
      <Filter>Source Files</Filter>
    </ClCompile>
    <ClCompile Include="Main.cpp">
      <Filter>Source Files</Filter>
    </ClCompile>
    <ClCompile Include="Helper.cpp">
      <Filter>Source Files</Filter>
    </ClCompile>
    <ClCompile Include="aBaseEvent.cpp">
      <Filter>Source Files\Events</Filter>
    </ClCompile>
    <ClCompile Include="ApplicationEvent.cpp">
      <Filter>Source Files\Events</Filter>
    </ClCompile>
    <ClCompile Include="DocumentEvent.cpp">
      <Filter>Source Files\Events</Filter>
    </ClCompile>
    <ClCompile Include="Obj2DEvent.cpp">
      <Filter>Source Files\Events</Filter>
    </ClCompile>
    <ClCompile Include="Obj3DEvent.cpp">
      <Filter>Source Files\Events</Filter>
    </ClCompile>
    <ClCompile Include="StampEvent.cpp">
      <Filter>Source Files\Events</Filter>
    </ClCompile>
    <ClCompile Include="SpcObjEvent.cpp">
      <Filter>Source Files\Events</Filter>
    </ClCompile>
    <ClCompile Include="SpcDocEvent.cpp">
      <Filter>Source Files\Events</Filter>
    </ClCompile>
    <ClCompile Include="SpecificationEvent.cpp">
      <Filter>Source Files\Events</Filter>
    </ClCompile>
    <ClCompile Include="MenuBase.cpp">
      <Filter>Source Files\Menu</Filter>
    </ClCompile>
    <ClCompile Include="MenuConditions.cpp">
      <Filter>Source Files\Menu</Filter>
    </ClCompile>
    <ClCompile Include="MenuProfile.cpp">
      <Filter>Source Files\Menu</Filter>
    </ClCompile>
    <ClCompile Include="SMPBase.cpp">
      <Filter>Source Files\SMP</Filter>
    </ClCompile>
    <ClCompile Include="SMPConditions.cpp">
      <Filter>Source Files\SMP</Filter>
    </ClCompile>
    <ClCompile Include="SMPProfile.cpp">
      <Filter>Source Files\SMP</Filter>
    </ClCompile>
    <ClCompile Include="MainParameters.cpp">
      <Filter>Source Files</Filter>
    </ClCompile>
  </ItemGroup>
  <ItemGroup>
    <None Include="res\SMP.rc2">
      <Filter>Resource Files</Filter>
    </None>
    <None Include="ClassDiagram.cd" />
    <None Include="SMP.def">
      <Filter>Resource Files</Filter>
    </None>
    <None Include="SMP.aps">
      <Filter>Resource Files</Filter>
    </None>
  </ItemGroup>
  <ItemGroup>
    <ClInclude Include="cPropMen.h">
      <Filter>Header Files</Filter>
    </ClInclude>
    <ClInclude Include="Resource.h">
      <Filter>Header Files</Filter>
    </ClInclude>
    <ClInclude Include="StdAfx.h">
      <Filter>Header Files</Filter>
    </ClInclude>
    <ClInclude Include="Helper.h">
      <Filter>Header Files</Filter>
    </ClInclude>
    <ClInclude Include="aBaseEvent.h">
      <Filter>Header Files\Events</Filter>
    </ClInclude>
    <ClInclude Include="ApplicationEvent.h">
      <Filter>Header Files\Events</Filter>
    </ClInclude>
    <ClInclude Include="DocumentEvent.h">
      <Filter>Header Files\Events</Filter>
    </ClInclude>
    <ClInclude Include="Obj2DEvent.h">
      <Filter>Header Files\Events</Filter>
    </ClInclude>
    <ClInclude Include="Obj3DEvent.h">
      <Filter>Header Files\Events</Filter>
    </ClInclude>
    <ClInclude Include="SpcDocEvent.h">
      <Filter>Header Files\Events</Filter>
    </ClInclude>
    <ClInclude Include="SpecificationEvent.h">
      <Filter>Header Files\Events</Filter>
    </ClInclude>
    <ClInclude Include="SpcObjEvent.h">
      <Filter>Header Files\Events</Filter>
    </ClInclude>
    <ClInclude Include="StampEvent.h">
      <Filter>Header Files\Events</Filter>
    </ClInclude>
    <ClInclude Include="MenuBase.h">
      <Filter>Header Files\Menu</Filter>
    </ClInclude>
    <ClInclude Include="MenuConditions.h">
      <Filter>Header Files\Menu</Filter>
    </ClInclude>
    <ClInclude Include="MenuProfile.h">
      <Filter>Header Files\Menu</Filter>
    </ClInclude>
    <ClInclude Include="SMPBase.h">
      <Filter>Header Files\SMP</Filter>
    </ClInclude>
    <ClInclude Include="SMPConditions.h">
      <Filter>Header Files\SMP</Filter>
    </ClInclude>
    <ClInclude Include="SMPProfile.h">
      <Filter>Header Files\SMP</Filter>
    </ClInclude>
    <ClInclude Include="MainParameters.h">
      <Filter>Header Files</Filter>
    </ClInclude>
    <ClInclude Include="Main.h">
      <Filter>Header Files</Filter>
    </ClInclude>
    <ClInclude Include="..\..\..\..\lib\kAPI5.h">
      <Filter>Header Files</Filter>
    </ClInclude>
  </ItemGroup>
  <ItemGroup>
    <ResourceCompile Include="SMP.rc">
      <Filter>Resource Files</Filter>
    </ResourceCompile>
  </ItemGroup>
</Project>